// !$*UTF8*$!
{
	archiveVersion = 1;
	classes = {
	};
	objectVersion = 56;
	objects = {

/* Begin PBXBuildFile section */
		5D338A672BED25560094E6BD /* MockIncomeRepository.swift in Sources */ = {isa = PBXBuildFile; fileRef = 5D338A662BED25560094E6BD /* MockIncomeRepository.swift */; };
		5D338A6A2BED333B0094E6BD /* CategoryDetailView.swift in Sources */ = {isa = PBXBuildFile; fileRef = 5D338A692BED333B0094E6BD /* CategoryDetailView.swift */; };
		5D338A6C2BED3A250094E6BD /* CustomBackButton.swift in Sources */ = {isa = PBXBuildFile; fileRef = 5D338A6B2BED3A250094E6BD /* CustomBackButton.swift */; };
		5D5D50782BEA6F5C006B3122 /* CDIncome.swift in Sources */ = {isa = PBXBuildFile; fileRef = 5D5D50772BEA6F5C006B3122 /* CDIncome.swift */; };
		5D5D50832BEA71A0006B3122 /* CoreDataIncomeRepository.swift in Sources */ = {isa = PBXBuildFile; fileRef = 5D5D50822BEA71A0006B3122 /* CoreDataIncomeRepository.swift */; };
		5D5D50852BEA71AF006B3122 /* Income.swift in Sources */ = {isa = PBXBuildFile; fileRef = 5D5D50842BEA71AF006B3122 /* Income.swift */; };
		5D5D50872BEA71B8006B3122 /* IncomeRepository.swift in Sources */ = {isa = PBXBuildFile; fileRef = 5D5D50862BEA71B8006B3122 /* IncomeRepository.swift */; };
		5D685C522BD154B0008BD15D /* CategoryView.swift in Sources */ = {isa = PBXBuildFile; fileRef = 5D685C512BD154B0008BD15D /* CategoryView.swift */; };
		5D685C5A2BD15CA1008BD15D /* Localizable.xcstrings in Resources */ = {isa = PBXBuildFile; fileRef = 5D685C592BD15CA1008BD15D /* Localizable.xcstrings */; };
		5D685C5C2BD1688F008BD15D /* MonthPickerView.swift in Sources */ = {isa = PBXBuildFile; fileRef = 5D685C5B2BD1688F008BD15D /* MonthPickerView.swift */; };
		5D685C5F2BD169ED008BD15D /* DateFormatter.swift in Sources */ = {isa = PBXBuildFile; fileRef = 5D685C5E2BD169ED008BD15D /* DateFormatter.swift */; };
		5D685C642BD17252008BD15D /* MainView.swift in Sources */ = {isa = PBXBuildFile; fileRef = 5D685C632BD17252008BD15D /* MainView.swift */; };
		5D685C662BD1725D008BD15D /* MainViewModel.swift in Sources */ = {isa = PBXBuildFile; fileRef = 5D685C652BD1725D008BD15D /* MainViewModel.swift */; };
		5D685C682BD172BB008BD15D /* HeaderView.swift in Sources */ = {isa = PBXBuildFile; fileRef = 5D685C672BD172BB008BD15D /* HeaderView.swift */; };
		5D98C8042BCEC7040098F12C /* IncomeManagerApp.swift in Sources */ = {isa = PBXBuildFile; fileRef = 5D98C8032BCEC7040098F12C /* IncomeManagerApp.swift */; };
		5D98C8102BCEC7060098F12C /* IncomeManager.xcdatamodeld in Sources */ = {isa = PBXBuildFile; fileRef = 5D98C80E2BCEC7060098F12C /* IncomeManager.xcdatamodeld */; };
		5DAD5B932BDA968000B4E597 /* SideMenuView.swift in Sources */ = {isa = PBXBuildFile; fileRef = 5DAD5B922BDA968000B4E597 /* SideMenuView.swift */; };
		5DAD5B962BDAA9A500B4E597 /* ThemeManager.swift in Sources */ = {isa = PBXBuildFile; fileRef = 5DAD5B952BDAA9A500B4E597 /* ThemeManager.swift */; };
		5DAD5B982BDAAD0100B4E597 /* Styles.swift in Sources */ = {isa = PBXBuildFile; fileRef = 5DAD5B972BDAAD0100B4E597 /* Styles.swift */; };
		5DAD5B9A2BDAC76300B4E597 /* IncomeDistributionCategoryView.swift in Sources */ = {isa = PBXBuildFile; fileRef = 5DAD5B992BDAC76300B4E597 /* IncomeDistributionCategoryView.swift */; };
		5DC67DD32BE3F00B0027F48E /* CDCategory.swift in Sources */ = {isa = PBXBuildFile; fileRef = 5DC67DD22BE3F00B0027F48E /* CDCategory.swift */; };
		5DC67DD52BE3F73F0027F48E /* PersistenceController.swift in Sources */ = {isa = PBXBuildFile; fileRef = 5DC67DD42BE3F73F0027F48E /* PersistenceController.swift */; };
		5DD358C42BE979EB009A201A /* CategoryMapper.swift in Sources */ = {isa = PBXBuildFile; fileRef = 5DD358C32BE979EB009A201A /* CategoryMapper.swift */; };
		5DDCBD542BD7ECAA0098DC6A /* Category.swift in Sources */ = {isa = PBXBuildFile; fileRef = 5DDCBD532BD7ECAA0098DC6A /* Category.swift */; };
		5DDCBD592BD7ECEB0098DC6A /* CategoryRepository.swift in Sources */ = {isa = PBXBuildFile; fileRef = 5DDCBD582BD7ECEB0098DC6A /* CategoryRepository.swift */; };
		5DDCBD5B2BD7ED0D0098DC6A /* CoreDataCategoryRepository.swift in Sources */ = {isa = PBXBuildFile; fileRef = 5DDCBD5A2BD7ED0D0098DC6A /* CoreDataCategoryRepository.swift */; };
		5DDCBD5E2BD7F03F0098DC6A /* MockCategoryRepository.swift in Sources */ = {isa = PBXBuildFile; fileRef = 5DDCBD5D2BD7F03F0098DC6A /* MockCategoryRepository.swift */; };
		5DDCBD612BD8266F0098DC6A /* DecimalFormatter.swift in Sources */ = {isa = PBXBuildFile; fileRef = 5DDCBD602BD8266F0098DC6A /* DecimalFormatter.swift */; };
/* End PBXBuildFile section */

/* Begin PBXFileReference section */
		5D338A662BED25560094E6BD /* MockIncomeRepository.swift */ = {isa = PBXFileReference; lastKnownFileType = sourcecode.swift; path = MockIncomeRepository.swift; sourceTree = "<group>"; };
		5D338A692BED333B0094E6BD /* CategoryDetailView.swift */ = {isa = PBXFileReference; lastKnownFileType = sourcecode.swift; path = CategoryDetailView.swift; sourceTree = "<group>"; };
		5D338A6B2BED3A250094E6BD /* CustomBackButton.swift */ = {isa = PBXFileReference; lastKnownFileType = sourcecode.swift; path = CustomBackButton.swift; sourceTree = "<group>"; };
		5D5D50772BEA6F5C006B3122 /* CDIncome.swift */ = {isa = PBXFileReference; lastKnownFileType = sourcecode.swift; path = CDIncome.swift; sourceTree = "<group>"; };
		5D5D50822BEA71A0006B3122 /* CoreDataIncomeRepository.swift */ = {isa = PBXFileReference; lastKnownFileType = sourcecode.swift; path = CoreDataIncomeRepository.swift; sourceTree = "<group>"; };
		5D5D50842BEA71AF006B3122 /* Income.swift */ = {isa = PBXFileReference; lastKnownFileType = sourcecode.swift; path = Income.swift; sourceTree = "<group>"; };
		5D5D50862BEA71B8006B3122 /* IncomeRepository.swift */ = {isa = PBXFileReference; lastKnownFileType = sourcecode.swift; path = IncomeRepository.swift; sourceTree = "<group>"; };
		5D685C512BD154B0008BD15D /* CategoryView.swift */ = {isa = PBXFileReference; lastKnownFileType = sourcecode.swift; path = CategoryView.swift; sourceTree = "<group>"; };
		5D685C592BD15CA1008BD15D /* Localizable.xcstrings */ = {isa = PBXFileReference; lastKnownFileType = text.json.xcstrings; path = Localizable.xcstrings; sourceTree = "<group>"; };
		5D685C5B2BD1688F008BD15D /* MonthPickerView.swift */ = {isa = PBXFileReference; lastKnownFileType = sourcecode.swift; path = MonthPickerView.swift; sourceTree = "<group>"; };
		5D685C5E2BD169ED008BD15D /* DateFormatter.swift */ = {isa = PBXFileReference; lastKnownFileType = sourcecode.swift; path = DateFormatter.swift; sourceTree = "<group>"; };
		5D685C632BD17252008BD15D /* MainView.swift */ = {isa = PBXFileReference; lastKnownFileType = sourcecode.swift; path = MainView.swift; sourceTree = "<group>"; };
		5D685C652BD1725D008BD15D /* MainViewModel.swift */ = {isa = PBXFileReference; lastKnownFileType = sourcecode.swift; path = MainViewModel.swift; sourceTree = "<group>"; };
		5D685C672BD172BB008BD15D /* HeaderView.swift */ = {isa = PBXFileReference; lastKnownFileType = sourcecode.swift; path = HeaderView.swift; sourceTree = "<group>"; };
		5D98C8002BCEC7040098F12C /* IncomeManager.app */ = {isa = PBXFileReference; explicitFileType = wrapper.application; includeInIndex = 0; path = IncomeManager.app; sourceTree = BUILT_PRODUCTS_DIR; };
		5D98C8032BCEC7040098F12C /* IncomeManagerApp.swift */ = {isa = PBXFileReference; lastKnownFileType = sourcecode.swift; path = IncomeManagerApp.swift; sourceTree = "<group>"; };
		5D98C80F2BCEC7060098F12C /* IncomeManager.xcdatamodel */ = {isa = PBXFileReference; lastKnownFileType = wrapper.xcdatamodel; path = IncomeManager.xcdatamodel; sourceTree = "<group>"; };
		5DAD5B922BDA968000B4E597 /* SideMenuView.swift */ = {isa = PBXFileReference; lastKnownFileType = sourcecode.swift; path = SideMenuView.swift; sourceTree = "<group>"; };
		5DAD5B952BDAA9A500B4E597 /* ThemeManager.swift */ = {isa = PBXFileReference; lastKnownFileType = sourcecode.swift; path = ThemeManager.swift; sourceTree = "<group>"; };
		5DAD5B972BDAAD0100B4E597 /* Styles.swift */ = {isa = PBXFileReference; lastKnownFileType = sourcecode.swift; path = Styles.swift; sourceTree = "<group>"; };
		5DAD5B992BDAC76300B4E597 /* IncomeDistributionCategoryView.swift */ = {isa = PBXFileReference; lastKnownFileType = sourcecode.swift; path = IncomeDistributionCategoryView.swift; sourceTree = "<group>"; };
		5DC67DD22BE3F00B0027F48E /* CDCategory.swift */ = {isa = PBXFileReference; lastKnownFileType = sourcecode.swift; path = CDCategory.swift; sourceTree = "<group>"; };
		5DC67DD42BE3F73F0027F48E /* PersistenceController.swift */ = {isa = PBXFileReference; lastKnownFileType = sourcecode.swift; path = PersistenceController.swift; sourceTree = "<group>"; };
		5DD358C32BE979EB009A201A /* CategoryMapper.swift */ = {isa = PBXFileReference; lastKnownFileType = sourcecode.swift; path = CategoryMapper.swift; sourceTree = "<group>"; };
		5DDCBD532BD7ECAA0098DC6A /* Category.swift */ = {isa = PBXFileReference; lastKnownFileType = sourcecode.swift; path = Category.swift; sourceTree = "<group>"; };
		5DDCBD582BD7ECEB0098DC6A /* CategoryRepository.swift */ = {isa = PBXFileReference; lastKnownFileType = sourcecode.swift; path = CategoryRepository.swift; sourceTree = "<group>"; };
		5DDCBD5A2BD7ED0D0098DC6A /* CoreDataCategoryRepository.swift */ = {isa = PBXFileReference; lastKnownFileType = sourcecode.swift; path = CoreDataCategoryRepository.swift; sourceTree = "<group>"; };
		5DDCBD5D2BD7F03F0098DC6A /* MockCategoryRepository.swift */ = {isa = PBXFileReference; lastKnownFileType = sourcecode.swift; path = MockCategoryRepository.swift; sourceTree = "<group>"; };
		5DDCBD602BD8266F0098DC6A /* DecimalFormatter.swift */ = {isa = PBXFileReference; lastKnownFileType = sourcecode.swift; path = DecimalFormatter.swift; sourceTree = "<group>"; };
/* End PBXFileReference section */

/* Begin PBXFrameworksBuildPhase section */
		5D98C7FD2BCEC7040098F12C /* Frameworks */ = {
			isa = PBXFrameworksBuildPhase;
			buildActionMask = 2147483647;
			files = (
			);
			runOnlyForDeploymentPostprocessing = 0;
		};
/* End PBXFrameworksBuildPhase section */

/* Begin PBXGroup section */
		5D338A682BED33110094E6BD /* CategoryDetail */ = {
			isa = PBXGroup;
			children = (
				5D338A692BED333B0094E6BD /* CategoryDetailView.swift */,
			);
			path = CategoryDetail;
			sourceTree = "<group>";
		};
		5D5D507F2BEA716D006B3122 /* Income */ = {
			isa = PBXGroup;
			children = (
				5D5D50802BEA717C006B3122 /* Infrastructure */,
				5D5D50812BEA7187006B3122 /* Domain */,
			);
			path = Income;
			sourceTree = "<group>";
		};
		5D5D50802BEA717C006B3122 /* Infrastructure */ = {
			isa = PBXGroup;
			children = (
				5D5D50822BEA71A0006B3122 /* CoreDataIncomeRepository.swift */,
				5D338A662BED25560094E6BD /* MockIncomeRepository.swift */,
			);
			path = Infrastructure;
			sourceTree = "<group>";
		};
		5D5D50812BEA7187006B3122 /* Domain */ = {
			isa = PBXGroup;
			children = (
				5D5D50842BEA71AF006B3122 /* Income.swift */,
				5D5D50862BEA71B8006B3122 /* IncomeRepository.swift */,
			);
			path = Domain;
			sourceTree = "<group>";
		};
		5D685C502BD15487008BD15D /* Components */ = {
			isa = PBXGroup;
			children = (
				5D685C512BD154B0008BD15D /* CategoryView.swift */,
				5D685C5B2BD1688F008BD15D /* MonthPickerView.swift */,
				5D685C672BD172BB008BD15D /* HeaderView.swift */,
				5DAD5B922BDA968000B4E597 /* SideMenuView.swift */,
				5DAD5B992BDAC76300B4E597 /* IncomeDistributionCategoryView.swift */,
			);
			path = Components;
			sourceTree = "<group>";
		};
		5D685C532BD15A1C008BD15D /* Strings */ = {
			isa = PBXGroup;
			children = (
				5D685C592BD15CA1008BD15D /* Localizable.xcstrings */,
			);
			path = Strings;
			sourceTree = "<group>";
		};
		5D685C5D2BD169D7008BD15D /* Resources */ = {
			isa = PBXGroup;
			children = (
				5DAD5B942BDAA98A00B4E597 /* Colors */,
				5DDCBD5F2BD8260A0098DC6A /* Numbers */,
				5D685C602BD171F1008BD15D /* Date */,
				5D685C532BD15A1C008BD15D /* Strings */,
			);
			path = Resources;
			sourceTree = "<group>";
		};
		5D685C602BD171F1008BD15D /* Date */ = {
			isa = PBXGroup;
			children = (
				5D685C5E2BD169ED008BD15D /* DateFormatter.swift */,
			);
			path = Date;
			sourceTree = "<group>";
		};
		5D685C692BD1762D008BD15D /* Preview Content */ = {
			isa = PBXGroup;
			children = (
			);
			path = "Preview Content";
			sourceTree = "<group>";
		};
		5D98C7F72BCEC7040098F12C = {
			isa = PBXGroup;
			children = (
				5D98C8022BCEC7040098F12C /* IncomeManager */,
				5D98C8012BCEC7040098F12C /* Products */,
			);
			sourceTree = "<group>";
		};
		5D98C8012BCEC7040098F12C /* Products */ = {
			isa = PBXGroup;
			children = (
				5D98C8002BCEC7040098F12C /* IncomeManager.app */,
			);
			name = Products;
			sourceTree = "<group>";
		};
		5D98C8022BCEC7040098F12C /* IncomeManager */ = {
			isa = PBXGroup;
			children = (
				5DE0565A2BE3E4AE0051D7C5 /* CoreData */,
				5D685C5D2BD169D7008BD15D /* Resources */,
				5D98C8162BCEC9870098F12C /* Source */,
				5D98C8172BCEC9990098F12C /* Views */,
				5D685C692BD1762D008BD15D /* Preview Content */,
				5D98C8032BCEC7040098F12C /* IncomeManagerApp.swift */,
			);
			path = IncomeManager;
			sourceTree = "<group>";
		};
		5D98C8162BCEC9870098F12C /* Source */ = {
			isa = PBXGroup;
			children = (
				5D5D507F2BEA716D006B3122 /* Income */,
				5DDCBD552BD7ECB00098DC6A /* Category */,
			);
			path = Source;
			sourceTree = "<group>";
		};
		5D98C8172BCEC9990098F12C /* Views */ = {
			isa = PBXGroup;
			children = (
				5D338A682BED33110094E6BD /* CategoryDetail */,
				5DE056592BE3BFEB0051D7C5 /* Main */,
				5D338A6B2BED3A250094E6BD /* CustomBackButton.swift */,
			);
			path = Views;
			sourceTree = "<group>";
		};
		5DAD5B942BDAA98A00B4E597 /* Colors */ = {
			isa = PBXGroup;
			children = (
				5DAD5B952BDAA9A500B4E597 /* ThemeManager.swift */,
				5DAD5B972BDAAD0100B4E597 /* Styles.swift */,
			);
			path = Colors;
			sourceTree = "<group>";
		};
		5DDCBD552BD7ECB00098DC6A /* Category */ = {
			isa = PBXGroup;
			children = (
				5DDCBD572BD7ECC80098DC6A /* Infrastructure */,
				5DDCBD562BD7ECBF0098DC6A /* Domain */,
			);
			path = Category;
			sourceTree = "<group>";
		};
		5DDCBD562BD7ECBF0098DC6A /* Domain */ = {
			isa = PBXGroup;
			children = (
				5DDCBD532BD7ECAA0098DC6A /* Category.swift */,
				5DDCBD582BD7ECEB0098DC6A /* CategoryRepository.swift */,
			);
			path = Domain;
			sourceTree = "<group>";
		};
		5DDCBD572BD7ECC80098DC6A /* Infrastructure */ = {
			isa = PBXGroup;
			children = (
				5DDCBD5A2BD7ED0D0098DC6A /* CoreDataCategoryRepository.swift */,
				5DDCBD5D2BD7F03F0098DC6A /* MockCategoryRepository.swift */,
				5DD358C32BE979EB009A201A /* CategoryMapper.swift */,
			);
			path = Infrastructure;
			sourceTree = "<group>";
		};
		5DDCBD5F2BD8260A0098DC6A /* Numbers */ = {
			isa = PBXGroup;
			children = (
				5DDCBD602BD8266F0098DC6A /* DecimalFormatter.swift */,
			);
			path = Numbers;
			sourceTree = "<group>";
		};
		5DE056592BE3BFEB0051D7C5 /* Main */ = {
			isa = PBXGroup;
			children = (
				5D685C502BD15487008BD15D /* Components */,
				5D685C632BD17252008BD15D /* MainView.swift */,
				5D685C652BD1725D008BD15D /* MainViewModel.swift */,
			);
			path = Main;
			sourceTree = "<group>";
		};
		5DE0565A2BE3E4AE0051D7C5 /* CoreData */ = {
			isa = PBXGroup;
			children = (
				5D98C80E2BCEC7060098F12C /* IncomeManager.xcdatamodeld */,
				5D5D50772BEA6F5C006B3122 /* CDIncome.swift */,
				5DC67DD22BE3F00B0027F48E /* CDCategory.swift */,
				5DC67DD42BE3F73F0027F48E /* PersistenceController.swift */,
			);
			path = CoreData;
			sourceTree = "<group>";
		};
/* End PBXGroup section */

/* Begin PBXNativeTarget section */
		5D98C7FF2BCEC7040098F12C /* IncomeManager */ = {
			isa = PBXNativeTarget;
			buildConfigurationList = 5D98C8132BCEC7060098F12C /* Build configuration list for PBXNativeTarget "IncomeManager" */;
			buildPhases = (
				5D98C7FC2BCEC7040098F12C /* Sources */,
				5D98C7FD2BCEC7040098F12C /* Frameworks */,
				5D98C7FE2BCEC7040098F12C /* Resources */,
			);
			buildRules = (
			);
			dependencies = (
			);
			name = IncomeManager;
			productName = IncomeManager;
			productReference = 5D98C8002BCEC7040098F12C /* IncomeManager.app */;
			productType = "com.apple.product-type.application";
		};
/* End PBXNativeTarget section */

/* Begin PBXProject section */
		5D98C7F82BCEC7040098F12C /* Project object */ = {
			isa = PBXProject;
			attributes = {
				BuildIndependentTargetsInParallel = 1;
				LastSwiftUpdateCheck = 1500;
				LastUpgradeCheck = 1500;
				TargetAttributes = {
					5D98C7FF2BCEC7040098F12C = {
						CreatedOnToolsVersion = 15.0.1;
					};
				};
			};
			buildConfigurationList = 5D98C7FB2BCEC7040098F12C /* Build configuration list for PBXProject "IncomeManager" */;
			compatibilityVersion = "Xcode 14.0";
			developmentRegion = en;
			hasScannedForEncodings = 0;
			knownRegions = (
				en,
				Base,
				es,
				ca,
			);
			mainGroup = 5D98C7F72BCEC7040098F12C;
			productRefGroup = 5D98C8012BCEC7040098F12C /* Products */;
			projectDirPath = "";
			projectRoot = "";
			targets = (
				5D98C7FF2BCEC7040098F12C /* IncomeManager */,
			);
		};
/* End PBXProject section */

/* Begin PBXResourcesBuildPhase section */
		5D98C7FE2BCEC7040098F12C /* Resources */ = {
			isa = PBXResourcesBuildPhase;
			buildActionMask = 2147483647;
			files = (
				5D685C5A2BD15CA1008BD15D /* Localizable.xcstrings in Resources */,
			);
			runOnlyForDeploymentPostprocessing = 0;
		};
/* End PBXResourcesBuildPhase section */

/* Begin PBXSourcesBuildPhase section */
		5D98C7FC2BCEC7040098F12C /* Sources */ = {
			isa = PBXSourcesBuildPhase;
			buildActionMask = 2147483647;
			files = (
				5D5D50782BEA6F5C006B3122 /* CDIncome.swift in Sources */,
				5D685C5F2BD169ED008BD15D /* DateFormatter.swift in Sources */,
				5D338A6C2BED3A250094E6BD /* CustomBackButton.swift in Sources */,
				5DAD5B9A2BDAC76300B4E597 /* IncomeDistributionCategoryView.swift in Sources */,
				5D685C682BD172BB008BD15D /* HeaderView.swift in Sources */,
				5D5D50872BEA71B8006B3122 /* IncomeRepository.swift in Sources */,
				5DDCBD612BD8266F0098DC6A /* DecimalFormatter.swift in Sources */,
				5D5D50832BEA71A0006B3122 /* CoreDataIncomeRepository.swift in Sources */,
				5D685C642BD17252008BD15D /* MainView.swift in Sources */,
				5DDCBD592BD7ECEB0098DC6A /* CategoryRepository.swift in Sources */,
				5D98C8102BCEC7060098F12C /* IncomeManager.xcdatamodeld in Sources */,
				5DDCBD5B2BD7ED0D0098DC6A /* CoreDataCategoryRepository.swift in Sources */,
				5D685C522BD154B0008BD15D /* CategoryView.swift in Sources */,
				5D338A672BED25560094E6BD /* MockIncomeRepository.swift in Sources */,
				5D98C8042BCEC7040098F12C /* IncomeManagerApp.swift in Sources */,
				5DD358C42BE979EB009A201A /* CategoryMapper.swift in Sources */,
				5DDCBD5E2BD7F03F0098DC6A /* MockCategoryRepository.swift in Sources */,
				5DAD5B962BDAA9A500B4E597 /* ThemeManager.swift in Sources */,
				5DC67DD32BE3F00B0027F48E /* CDCategory.swift in Sources */,
				5DC67DD52BE3F73F0027F48E /* PersistenceController.swift in Sources */,
				5DAD5B982BDAAD0100B4E597 /* Styles.swift in Sources */,
				5D685C5C2BD1688F008BD15D /* MonthPickerView.swift in Sources */,
				5D5D50852BEA71AF006B3122 /* Income.swift in Sources */,
				5DAD5B932BDA968000B4E597 /* SideMenuView.swift in Sources */,
				5D685C662BD1725D008BD15D /* MainViewModel.swift in Sources */,
				5DDCBD542BD7ECAA0098DC6A /* Category.swift in Sources */,
				5D338A6A2BED333B0094E6BD /* CategoryDetailView.swift in Sources */,
			);
			runOnlyForDeploymentPostprocessing = 0;
		};
/* End PBXSourcesBuildPhase section */

/* Begin XCBuildConfiguration section */
		5D98C8112BCEC7060098F12C /* Debug */ = {
			isa = XCBuildConfiguration;
			buildSettings = {
				ALWAYS_SEARCH_USER_PATHS = NO;
				ASSETCATALOG_COMPILER_GENERATE_SWIFT_ASSET_SYMBOL_EXTENSIONS = YES;
				CLANG_ANALYZER_NONNULL = YES;
				CLANG_ANALYZER_NUMBER_OBJECT_CONVERSION = YES_AGGRESSIVE;
				CLANG_CXX_LANGUAGE_STANDARD = "gnu++20";
				CLANG_ENABLE_MODULES = YES;
				CLANG_ENABLE_OBJC_ARC = YES;
				CLANG_ENABLE_OBJC_WEAK = YES;
				CLANG_WARN_BLOCK_CAPTURE_AUTORELEASING = YES;
				CLANG_WARN_BOOL_CONVERSION = YES;
				CLANG_WARN_COMMA = YES;
				CLANG_WARN_CONSTANT_CONVERSION = YES;
				CLANG_WARN_DEPRECATED_OBJC_IMPLEMENTATIONS = YES;
				CLANG_WARN_DIRECT_OBJC_ISA_USAGE = YES_ERROR;
				CLANG_WARN_DOCUMENTATION_COMMENTS = YES;
				CLANG_WARN_EMPTY_BODY = YES;
				CLANG_WARN_ENUM_CONVERSION = YES;
				CLANG_WARN_INFINITE_RECURSION = YES;
				CLANG_WARN_INT_CONVERSION = YES;
				CLANG_WARN_NON_LITERAL_NULL_CONVERSION = YES;
				CLANG_WARN_OBJC_IMPLICIT_RETAIN_SELF = YES;
				CLANG_WARN_OBJC_LITERAL_CONVERSION = YES;
				CLANG_WARN_OBJC_ROOT_CLASS = YES_ERROR;
				CLANG_WARN_QUOTED_INCLUDE_IN_FRAMEWORK_HEADER = YES;
				CLANG_WARN_RANGE_LOOP_ANALYSIS = YES;
				CLANG_WARN_STRICT_PROTOTYPES = YES;
				CLANG_WARN_SUSPICIOUS_MOVE = YES;
				CLANG_WARN_UNGUARDED_AVAILABILITY = YES_AGGRESSIVE;
				CLANG_WARN_UNREACHABLE_CODE = YES;
				CLANG_WARN__DUPLICATE_METHOD_MATCH = YES;
				COPY_PHASE_STRIP = NO;
				DEBUG_INFORMATION_FORMAT = dwarf;
				ENABLE_STRICT_OBJC_MSGSEND = YES;
				ENABLE_TESTABILITY = YES;
				ENABLE_USER_SCRIPT_SANDBOXING = YES;
				GCC_C_LANGUAGE_STANDARD = gnu17;
				GCC_DYNAMIC_NO_PIC = NO;
				GCC_NO_COMMON_BLOCKS = YES;
				GCC_OPTIMIZATION_LEVEL = 0;
				GCC_PREPROCESSOR_DEFINITIONS = (
					"DEBUG=1",
					"$(inherited)",
				);
				GCC_WARN_64_TO_32_BIT_CONVERSION = YES;
				GCC_WARN_ABOUT_RETURN_TYPE = YES_ERROR;
				GCC_WARN_UNDECLARED_SELECTOR = YES;
				GCC_WARN_UNINITIALIZED_AUTOS = YES_AGGRESSIVE;
				GCC_WARN_UNUSED_FUNCTION = YES;
				GCC_WARN_UNUSED_VARIABLE = YES;
				IPHONEOS_DEPLOYMENT_TARGET = 17.0;
				LOCALIZATION_PREFERS_STRING_CATALOGS = YES;
				MTL_ENABLE_DEBUG_INFO = INCLUDE_SOURCE;
				MTL_FAST_MATH = YES;
				ONLY_ACTIVE_ARCH = YES;
				SDKROOT = iphoneos;
				SWIFT_ACTIVE_COMPILATION_CONDITIONS = "DEBUG $(inherited)";
				SWIFT_OPTIMIZATION_LEVEL = "-Onone";
			};
			name = Debug;
		};
		5D98C8122BCEC7060098F12C /* Release */ = {
			isa = XCBuildConfiguration;
			buildSettings = {
				ALWAYS_SEARCH_USER_PATHS = NO;
				ASSETCATALOG_COMPILER_GENERATE_SWIFT_ASSET_SYMBOL_EXTENSIONS = YES;
				CLANG_ANALYZER_NONNULL = YES;
				CLANG_ANALYZER_NUMBER_OBJECT_CONVERSION = YES_AGGRESSIVE;
				CLANG_CXX_LANGUAGE_STANDARD = "gnu++20";
				CLANG_ENABLE_MODULES = YES;
				CLANG_ENABLE_OBJC_ARC = YES;
				CLANG_ENABLE_OBJC_WEAK = YES;
				CLANG_WARN_BLOCK_CAPTURE_AUTORELEASING = YES;
				CLANG_WARN_BOOL_CONVERSION = YES;
				CLANG_WARN_COMMA = YES;
				CLANG_WARN_CONSTANT_CONVERSION = YES;
				CLANG_WARN_DEPRECATED_OBJC_IMPLEMENTATIONS = YES;
				CLANG_WARN_DIRECT_OBJC_ISA_USAGE = YES_ERROR;
				CLANG_WARN_DOCUMENTATION_COMMENTS = YES;
				CLANG_WARN_EMPTY_BODY = YES;
				CLANG_WARN_ENUM_CONVERSION = YES;
				CLANG_WARN_INFINITE_RECURSION = YES;
				CLANG_WARN_INT_CONVERSION = YES;
				CLANG_WARN_NON_LITERAL_NULL_CONVERSION = YES;
				CLANG_WARN_OBJC_IMPLICIT_RETAIN_SELF = YES;
				CLANG_WARN_OBJC_LITERAL_CONVERSION = YES;
				CLANG_WARN_OBJC_ROOT_CLASS = YES_ERROR;
				CLANG_WARN_QUOTED_INCLUDE_IN_FRAMEWORK_HEADER = YES;
				CLANG_WARN_RANGE_LOOP_ANALYSIS = YES;
				CLANG_WARN_STRICT_PROTOTYPES = YES;
				CLANG_WARN_SUSPICIOUS_MOVE = YES;
				CLANG_WARN_UNGUARDED_AVAILABILITY = YES_AGGRESSIVE;
				CLANG_WARN_UNREACHABLE_CODE = YES;
				CLANG_WARN__DUPLICATE_METHOD_MATCH = YES;
				COPY_PHASE_STRIP = NO;
				DEBUG_INFORMATION_FORMAT = "dwarf-with-dsym";
				ENABLE_NS_ASSERTIONS = NO;
				ENABLE_STRICT_OBJC_MSGSEND = YES;
				ENABLE_USER_SCRIPT_SANDBOXING = YES;
				GCC_C_LANGUAGE_STANDARD = gnu17;
				GCC_NO_COMMON_BLOCKS = YES;
				GCC_WARN_64_TO_32_BIT_CONVERSION = YES;
				GCC_WARN_ABOUT_RETURN_TYPE = YES_ERROR;
				GCC_WARN_UNDECLARED_SELECTOR = YES;
				GCC_WARN_UNINITIALIZED_AUTOS = YES_AGGRESSIVE;
				GCC_WARN_UNUSED_FUNCTION = YES;
				GCC_WARN_UNUSED_VARIABLE = YES;
				IPHONEOS_DEPLOYMENT_TARGET = 17.0;
				LOCALIZATION_PREFERS_STRING_CATALOGS = YES;
				MTL_ENABLE_DEBUG_INFO = NO;
				MTL_FAST_MATH = YES;
				SDKROOT = iphoneos;
				SWIFT_COMPILATION_MODE = wholemodule;
				VALIDATE_PRODUCT = YES;
			};
			name = Release;
		};
		5D98C8142BCEC7060098F12C /* Debug */ = {
			isa = XCBuildConfiguration;
			buildSettings = {
				ASSETCATALOG_COMPILER_APPICON_NAME = AppIcon;
				ASSETCATALOG_COMPILER_GLOBAL_ACCENT_COLOR_NAME = AccentColor;
				CODE_SIGN_STYLE = Automatic;
				CURRENT_PROJECT_VERSION = 1;
				DEVELOPMENT_ASSET_PATHS = "\"IncomeManager/Preview Content\"";
				ENABLE_PREVIEWS = YES;
				GENERATE_INFOPLIST_FILE = YES;
				INFOPLIST_KEY_UIApplicationSceneManifest_Generation = YES;
				INFOPLIST_KEY_UIApplicationSupportsIndirectInputEvents = YES;
				INFOPLIST_KEY_UILaunchScreen_Generation = YES;
				INFOPLIST_KEY_UISupportedInterfaceOrientations_iPad = "UIInterfaceOrientationPortrait UIInterfaceOrientationPortraitUpsideDown UIInterfaceOrientationLandscapeLeft UIInterfaceOrientationLandscapeRight";
				INFOPLIST_KEY_UISupportedInterfaceOrientations_iPhone = "UIInterfaceOrientationPortrait UIInterfaceOrientationLandscapeLeft UIInterfaceOrientationLandscapeRight";
				LD_RUNPATH_SEARCH_PATHS = (
					"$(inherited)",
					"@executable_path/Frameworks",
				);
				MARKETING_VERSION = 1.0;
				PRODUCT_BUNDLE_IDENTIFIER = com.joelangles.IncomeManager;
				PRODUCT_NAME = "$(TARGET_NAME)";
				SWIFT_EMIT_LOC_STRINGS = YES;
				SWIFT_VERSION = 5.0;
				TARGETED_DEVICE_FAMILY = "1,2";
			};
			name = Debug;
		};
		5D98C8152BCEC7060098F12C /* Release */ = {
			isa = XCBuildConfiguration;
			buildSettings = {
				ASSETCATALOG_COMPILER_APPICON_NAME = AppIcon;
				ASSETCATALOG_COMPILER_GLOBAL_ACCENT_COLOR_NAME = AccentColor;
				CODE_SIGN_STYLE = Automatic;
				CURRENT_PROJECT_VERSION = 1;
				DEVELOPMENT_ASSET_PATHS = "\"IncomeManager/Preview Content\"";
				ENABLE_PREVIEWS = YES;
				GENERATE_INFOPLIST_FILE = YES;
				INFOPLIST_KEY_UIApplicationSceneManifest_Generation = YES;
				INFOPLIST_KEY_UIApplicationSupportsIndirectInputEvents = YES;
				INFOPLIST_KEY_UILaunchScreen_Generation = YES;
				INFOPLIST_KEY_UISupportedInterfaceOrientations_iPad = "UIInterfaceOrientationPortrait UIInterfaceOrientationPortraitUpsideDown UIInterfaceOrientationLandscapeLeft UIInterfaceOrientationLandscapeRight";
				INFOPLIST_KEY_UISupportedInterfaceOrientations_iPhone = "UIInterfaceOrientationPortrait UIInterfaceOrientationLandscapeLeft UIInterfaceOrientationLandscapeRight";
				LD_RUNPATH_SEARCH_PATHS = (
					"$(inherited)",
					"@executable_path/Frameworks",
				);
				MARKETING_VERSION = 1.0;
				PRODUCT_BUNDLE_IDENTIFIER = com.joelangles.IncomeManager;
				PRODUCT_NAME = "$(TARGET_NAME)";
				SWIFT_EMIT_LOC_STRINGS = YES;
				SWIFT_VERSION = 5.0;
				TARGETED_DEVICE_FAMILY = "1,2";
			};
			name = Release;
		};
/* End XCBuildConfiguration section */

/* Begin XCConfigurationList section */
		5D98C7FB2BCEC7040098F12C /* Build configuration list for PBXProject "IncomeManager" */ = {
			isa = XCConfigurationList;
			buildConfigurations = (
				5D98C8112BCEC7060098F12C /* Debug */,
				5D98C8122BCEC7060098F12C /* Release */,
			);
			defaultConfigurationIsVisible = 0;
			defaultConfigurationName = Release;
		};
		5D98C8132BCEC7060098F12C /* Build configuration list for PBXNativeTarget "IncomeManager" */ = {
			isa = XCConfigurationList;
			buildConfigurations = (
				5D98C8142BCEC7060098F12C /* Debug */,
				5D98C8152BCEC7060098F12C /* Release */,
			);
			defaultConfigurationIsVisible = 0;
			defaultConfigurationName = Release;
		};
/* End XCConfigurationList section */

/* Begin XCVersionGroup section */
		5D98C80E2BCEC7060098F12C /* IncomeManager.xcdatamodeld */ = {
			isa = XCVersionGroup;
			children = (
				5D98C80F2BCEC7060098F12C /* IncomeManager.xcdatamodel */,
			);
			currentVersion = 5D98C80F2BCEC7060098F12C /* IncomeManager.xcdatamodel */;
			path = IncomeManager.xcdatamodeld;
			sourceTree = "<group>";
			versionGroupType = wrapper.xcdatamodel;
		};
/* End XCVersionGroup section */
	};
	rootObject = 5D98C7F82BCEC7040098F12C /* Project object */;
}
